
Microsoft Visual Studio Solution File, Format Version 12.00
# Visual Studio Version 16
VisualStudioVersion = 16.0.32002.261
MinimumVisualStudioVersion = 10.0.40219.1
Project("{9A19103F-16F7-4668-BE54-9A1E7A4F7556}") = "GamingDemo", "GamingDemo\GamingDemo.csproj", "{31C18F9A-CD58-4A93-A8BE-0AC10BE27E29}"
EndProject
Project("{FAE04EC0-301F-11D3-BF4B-00C04F79EFBC}") = "MernisDogrulama", "MernisDogrulama\MernisDogrulama.csproj", "{46F19BB8-5C9F-4A90-B116-4E2AA9031049}"
EndProject
Global
	GlobalSection(SolutionConfigurationPlatforms) = preSolution
		Debug|Any CPU = Debug|Any CPU
		Release|Any CPU = Release|Any CPU
	EndGlobalSection
	GlobalSection(ProjectConfigurationPlatforms) = postSolution
		{31C18F9A-CD58-4A93-A8BE-0AC10BE27E29}.Debug|Any CPU.ActiveCfg = Debug|Any CPU
		{31C18F9A-CD58-4A93-A8BE-0AC10BE27E29}.Debug|Any CPU.Build.0 = Debug|Any CPU
		{31C18F9A-CD58-4A93-A8BE-0AC10BE27E29}.Release|Any CPU.ActiveCfg = Release|Any CPU
		{31C18F9A-CD58-4A93-A8BE-0AC10BE27E29}.Release|Any CPU.Build.0 = Release|Any CPU
		{46F19BB8-5C9F-4A90-B116-4E2AA9031049}.Debug|Any CPU.ActiveCfg = Debug|Any CPU
		{46F19BB8-5C9F-4A90-B116-4E2AA9031049}.Debug|Any CPU.Build.0 = Debug|Any CPU
		{46F19BB8-5C9F-4A90-B116-4E2AA9031049}.Release|Any CPU.ActiveCfg = Release|Any CPU
		{46F19BB8-5C9F-4A90-B116-4E2AA9031049}.Release|Any CPU.Build.0 = Release|Any CPU
	EndGlobalSection
	GlobalSection(SolutionProperties) = preSolution
		HideSolutionNode = FALSE
	EndGlobalSection
	GlobalSection(ExtensibilityGlobals) = postSolution
		SolutionGuid = {56802A74-727F-4AB2-A011-F2B292DBE5C0}
	EndGlobalSection
EndGlobal
